// !$*UTF8*$!
{
	archiveVersion = 1;
	classes = {
	};
	objectVersion = 46;
	objects = {

/* Begin PBXBuildFile section */
		A8047CAB1E916AE900DEE309 /* AppDelegate.swift in Sources */ = {isa = PBXBuildFile; fileRef = A8047CAA1E916AE900DEE309 /* AppDelegate.swift */; };
		A8047CAD1E916AE900DEE309 /* ViewController.swift in Sources */ = {isa = PBXBuildFile; fileRef = A8047CAC1E916AE900DEE309 /* ViewController.swift */; };
		A8047CB01E916AE900DEE309 /* Main.storyboard in Resources */ = {isa = PBXBuildFile; fileRef = A8047CAE1E916AE900DEE309 /* Main.storyboard */; };
		A8047CB21E916AE900DEE309 /* Assets.xcassets in Resources */ = {isa = PBXBuildFile; fileRef = A8047CB11E916AE900DEE309 /* Assets.xcassets */; };
		A8047CB51E916AE900DEE309 /* LaunchScreen.storyboard in Resources */ = {isa = PBXBuildFile; fileRef = A8047CB31E916AE900DEE309 /* LaunchScreen.storyboard */; };
/* End PBXBuildFile section */

/* Begin PBXFileReference section */
		A8047CA71E916AE900DEE309 /* CupOfMemes.app */ = {isa = PBXFileReference; explicitFileType = wrapper.application; includeInIndex = 0; path = CupOfMemes.app; sourceTree = BUILT_PRODUCTS_DIR; };
		A8047CAA1E916AE900DEE309 /* AppDelegate.swift */ = {isa = PBXFileReference; lastKnownFileType = sourcecode.swift; path = AppDelegate.swift; sourceTree = "<group>"; };
		A8047CAC1E916AE900DEE309 /* ViewController.swift */ = {isa = PBXFileReference; lastKnownFileType = sourcecode.swift; path = ViewController.swift; sourceTree = "<group>"; };
		A8047CAF1E916AE900DEE309 /* Base */ = {isa = PBXFileReference; lastKnownFileType = file.storyboard; name = Base; path = Base.lproj/Main.storyboard; sourceTree = "<group>"; };
		A8047CB11E916AE900DEE309 /* Assets.xcassets */ = {isa = PBXFileReference; lastKnownFileType = folder.assetcatalog; path = Assets.xcassets; sourceTree = "<group>"; };
		A8047CB41E916AE900DEE309 /* Base */ = {isa = PBXFileReference; lastKnownFileType = file.storyboard; name = Base; path = Base.lproj/LaunchScreen.storyboard; sourceTree = "<group>"; };
		A8047CB61E916AE900DEE309 /* Info.plist */ = {isa = PBXFileReference; lastKnownFileType = text.plist.xml; path = Info.plist; sourceTree = "<group>"; };
/* End PBXFileReference section */

/* Begin PBXFrameworksBuildPhase section */
		A8047CA41E916AE900DEE309 /* Frameworks */ = {
			isa = PBXFrameworksBuildPhase;
			buildActionMask = 2147483647;
			files = (
			);
			runOnlyForDeploymentPostprocessing = 0;
		};
/* End PBXFrameworksBuildPhase section */

/* Begin PBXGroup section */
		A8047C9E1E916AE900DEE309 = {
			isa = PBXGroup;
			children = (
				A8047CA91E916AE900DEE309 /* CupOfMemes */,
				A8047CA81E916AE900DEE309 /* Products */,
			);
			sourceTree = "<group>";
		};
		A8047CA81E916AE900DEE309 /* Products */ = {
			isa = PBXGroup;
			children = (
				A8047CA71E916AE900DEE309 /* CupOfMemes.app */,
			);
			name = Products;
			sourceTree = "<group>";
		};
		A8047CA91E916AE900DEE309 /* CupOfMemes */ = {
			isa = PBXGroup;
			children = (
				A8047CAA1E916AE900DEE309 /* AppDelegate.swift */,
				A8047CAC1E916AE900DEE309 /* ViewController.swift */,
				A8047CAE1E916AE900DEE309 /* Main.storyboard */,
				A8047CB11E916AE900DEE309 /* Assets.xcassets */,
				A8047CB31E916AE900DEE309 /* LaunchScreen.storyboard */,
				A8047CB61E916AE900DEE309 /* Info.plist */,
			);
			path = CupOfMemes;
			sourceTree = "<group>";
		};
/* End PBXGroup section */

/* Begin PBXNativeTarget section */
		A8047CA61E916AE900DEE309 /* CupOfMemes */ = {
			isa = PBXNativeTarget;
			buildConfigurationList = A8047CB91E916AEA00DEE309 /* Build configuration list for PBXNativeTarget "CupOfMemes" */;
			buildPhases = (
				A8047CA31E916AE900DEE309 /* Sources */,
				A8047CA41E916AE900DEE309 /* Frameworks */,
				A8047CA51E916AE900DEE309 /* Resources */,
			);
			buildRules = (
			);
			dependencies = (
			);
			name = CupOfMemes;
			productName = CupOfMemes;
			productReference = A8047CA71E916AE900DEE309 /* CupOfMemes.app */;
			productType = "com.apple.product-type.application";
		};
/* End PBXNativeTarget section */

/* Begin PBXProject section */
		A8047C9F1E916AE900DEE309 /* Project object */ = {
			isa = PBXProject;
			attributes = {
				LastSwiftUpdateCheck = 0820;
				LastUpgradeCheck = 0820;
				ORGANIZATIONNAME = "Victor Krusenstråhle";
				TargetAttributes = {
					A8047CA61E916AE900DEE309 = {
						CreatedOnToolsVersion = 8.2.1;
						DevelopmentTeam = EPU3EJA4R8;
						ProvisioningStyle = Automatic;
					};
				};
			};
			buildConfigurationList = A8047CA21E916AE900DEE309 /* Build configuration list for PBXProject "CupOfMemes" */;
			compatibilityVersion = "Xcode 3.2";
			developmentRegion = English;
			hasScannedForEncodings = 0;
			knownRegions = (
				en,
				Base,
			);
			mainGroup = A8047C9E1E916AE900DEE309;
			productRefGroup = A8047CA81E916AE900DEE309 /* Products */;
			projectDirPath = "";
			projectRoot = "";
			targets = (
				A8047CA61E916AE900DEE309 /* CupOfMemes */,
			);
		};
/* End PBXProject section */

/* Begin PBXResourcesBuildPhase section */
		A8047CA51E916AE900DEE309 /* Resources */ = {
			isa = PBXResourcesBuildPhase;
			buildActionMask = 2147483647;
			files = (
				A8047CB51E916AE900DEE309 /* LaunchScreen.storyboard in Resources */,
				A8047CB21E916AE900DEE309 /* Assets.xcassets in Resources */,
				A8047CB01E916AE900DEE309 /* Main.storyboard in Resources */,
			);
			runOnlyForDeploymentPostprocessing = 0;
		};
/* End PBXResourcesBuildPhase section */

/* Begin PBXSourcesBuildPhase section */
		A8047CA31E916AE900DEE309 /* Sources */ = {
			isa = PBXSourcesBuildPhase;
			buildActionMask = 2147483647;
			files = (
				A8047CAD1E916AE900DEE309 /* ViewController.swift in Sources */,
				A8047CAB1E916AE900DEE309 /* AppDelegate.swift in Sources */,
			);
			runOnlyForDeploymentPostprocessing = 0;
		};
/* End PBXSourcesBuildPhase section */

/* Begin PBXVariantGroup section */
		A8047CAE1E916AE900DEE309 /* Main.storyboard */ = {
			isa = PBXVariantGroup;
			children = (
				A8047CAF1E916AE900DEE309 /* Base */,
			);
			name = Main.storyboard;
			sourceTree = "<group>";
		};
		A8047CB31E916AE900DEE309 /* LaunchScreen.storyboard */ = {
			isa = PBXVariantGroup;
			children = (
				A8047CB41E916AE900DEE309 /* Base */,
			);
			name = LaunchScreen.storyboard;
			sourceTree = "<group>";
		};
/* End PBXVariantGroup section */

/* Begin XCBuildConfiguration section */
		A8047CB71E916AEA00DEE309 /* Debug */ = {
			isa = XCBuildConfiguration;
			buildSettings = {
				ALWAYS_SEARCH_USER_PATHS = NO;
				CLANG_ANALYZER_NONNULL = YES;
				CLANG_CXX_LANGUAGE_STANDARD = "gnu++0x";
				CLANG_CXX_LIBRARY = "libc++";
				CLANG_ENABLE_MODULES = YES;
				CLANG_ENABLE_OBJC_ARC = YES;
				CLANG_WARN_BOOL_CONVERSION = YES;
				CLANG_WARN_CONSTANT_CONVERSION = YES;
				CLANG_WARN_DIRECT_OBJC_ISA_USAGE = YES_ERROR;
				CLANG_WARN_DOCUMENTATION_COMMENTS = YES;
				CLANG_WARN_EMPTY_BODY = YES;
				CLANG_WARN_ENUM_CONVERSION = YES;
				CLANG_WARN_INFINITE_RECURSION = YES;
				CLANG_WARN_INT_CONVERSION = YES;
				CLANG_WARN_OBJC_ROOT_CLASS = YES_ERROR;
				CLANG_WARN_SUSPICIOUS_MOVE = YES;
				CLANG_WARN_UNREACHABLE_CODE = YES;
				CLANG_WARN__DUPLICATE_METHOD_MATCH = YES;
				"CODE_SIGN_IDENTITY[sdk=iphoneos*]" = "iPhone Developer";
				COPY_PHASE_STRIP = NO;
				DEBUG_INFORMATION_FORMAT = dwarf;
				ENABLE_STRICT_OBJC_MSGSEND = YES;
				ENABLE_TESTABILITY = YES;
				GCC_C_LANGUAGE_STANDARD = gnu99;
				GCC_DYNAMIC_NO_PIC = NO;
				GCC_NO_COMMON_BLOCKS = YES;
				GCC_OPTIMIZATION_LEVEL = 0;
				GCC_PREPROCESSOR_DEFINITIONS = (
					"DEBUG=1",
					"$(inherited)",
				);
				GCC_WARN_64_TO_32_BIT_CONVERSION = YES;
				GCC_WARN_ABOUT_RETURN_TYPE = YES_ERROR;
				GCC_WARN_UNDECLARED_SELECTOR = YES;
				GCC_WARN_UNINITIALIZED_AUTOS = YES_AGGRESSIVE;
				GCC_WARN_UNUSED_FUNCTION = YES;
				GCC_WARN_UNUSED_VARIABLE = YES;
				IPHONEOS_DEPLOYMENT_TARGET = 10.2;
				MTL_ENABLE_DEBUG_INFO = YES;
				ONLY_ACTIVE_ARCH = YES;
				SDKROOT = iphoneos;
				SWIFT_ACTIVE_COMPILATION_CONDITIONS = DEBUG;
				SWIFT_OPTIMIZATION_LEVEL = "-Onone";
			};
			name = Debug;
		};
		A8047CB81E916AEA00DEE309 /* Release */ = {
			isa = XCBuildConfiguration;
			buildSettings = {
				ALWAYS_SEARCH_USER_PATHS = NO;
				CLANG_ANALYZER_NONNULL = YES;
				CLANG_CXX_LANGUAGE_STANDARD = "gnu++0x";
				CLANG_CXX_LIBRARY = "libc++";
				CLANG_ENABLE_MODULES = YES;
				CLANG_ENABLE_OBJC_ARC = YES;
				CLANG_WARN_BOOL_CONVERSION = YES;
				CLANG_WARN_CONSTANT_CONVERSION = YES;
				CLANG_WARN_DIRECT_OBJC_ISA_USAGE = YES_ERROR;
				CLANG_WARN_DOCUMENTATION_COMMENTS = YES;
				CLANG_WARN_EMPTY_BODY = YES;
				CLANG_WARN_ENUM_CONVERSION = YES;
				CLANG_WARN_INFINITE_RECURSION = YES;
				CLANG_WARN_INT_CONVERSION = YES;
				CLANG_WARN_OBJC_ROOT_CLASS = YES_ERROR;
				CLANG_WARN_SUSPICIOUS_MOVE = YES;
				CLANG_WARN_UNREACHABLE_CODE = YES;
				CLANG_WARN__DUPLICATE_METHOD_MATCH = YES;
				"CODE_SIGN_IDENTITY[sdk=iphoneos*]" = "iPhone Developer";
				COPY_PHASE_STRIP = NO;
				DEBUG_INFORMATION_FORMAT = "dwarf-with-dsym";
				ENABLE_NS_ASSERTIONS = NO;
				ENABLE_STRICT_OBJC_MSGSEND = YES;
				GCC_C_LANGUAGE_STANDARD = gnu99;
				GCC_NO_COMMON_BLOCKS = YES;
				GCC_WARN_64_TO_32_BIT_CONVERSION = YES;
				GCC_WARN_ABOUT_RETURN_TYPE = YES_ERROR;
				GCC_WARN_UNDECLARED_SELECTOR = YES;
				GCC_WARN_UNINITIALIZED_AUTOS = YES_AGGRESSIVE;
				GCC_WARN_UNUSED_FUNCTION = YES;
				GCC_WARN_UNUSED_VARIABLE = YES;
				IPHONEOS_DEPLOYMENT_TARGET = 10.2;
				MTL_ENABLE_DEBUG_INFO = NO;
				SDKROOT = iphoneos;
				SWIFT_OPTIMIZATION_LEVEL = "-Owholemodule";
				VALIDATE_PRODUCT = YES;
			};
			name = Release;
		};
		A8047CBA1E916AEA00DEE309 /* Debug */ = {
			isa = XCBuildConfiguration;
			buildSettings = {
				ASSETCATALOG_COMPILER_APPICON_NAME = AppIcon;
				DEVELOPMENT_TEAM = EPU3EJA4R8;
				INFOPLIST_FILE = CupOfMemes/Info.plist;
				LD_RUNPATH_SEARCH_PATHS = "$(inherited) @executable_path/Frameworks";
				PRODUCT_BUNDLE_IDENTIFIER = com.DoEager.CupOfMemes;
				PRODUCT_NAME = "$(TARGET_NAME)";
				SWIFT_VERSION = 3.0;
			};
			name = Debug;
		};
		A8047CBB1E916AEA00DEE309 /* Release */ = {
			isa = XCBuildConfiguration;
			buildSettings = {
				ASSETCATALOG_COMPILER_APPICON_NAME = AppIcon;
				DEVELOPMENT_TEAM = EPU3EJA4R8;
				INFOPLIST_FILE = CupOfMemes/Info.plist;
				LD_RUNPATH_SEARCH_PATHS = "$(inherited) @executable_path/Frameworks";
				PRODUCT_BUNDLE_IDENTIFIER = com.DoEager.CupOfMemes;
				PRODUCT_NAME = "$(TARGET_NAME)";
				SWIFT_VERSION = 3.0;
			};
			name = Release;
		};
/* End XCBuildConfiguration section */

/* Begin XCConfigurationList section */
		A8047CA21E916AE900DEE309 /* Build configuration list for PBXProject "CupOfMemes" */ = {
			isa = XCConfigurationList;
			buildConfigurations = (
				A8047CB71E916AEA00DEE309 /* Debug */,
				A8047CB81E916AEA00DEE309 /* Release */,
			);
			defaultConfigurationIsVisible = 0;
			defaultConfigurationName = Release;
		};
		A8047CB91E916AEA00DEE309 /* Build configuration list for PBXNativeTarget "CupOfMemes" */ = {
			isa = XCConfigurationList;
			buildConfigurations = (
				A8047CBA1E916AEA00DEE309 /* Debug */,
				A8047CBB1E916AEA00DEE309 /* Release */,
			);
			defaultConfigurationIsVisible = 0;
		};
/* End XCConfigurationList section */
	};
	rootObject = A8047C9F1E916AE900DEE309 /* Project object */;
}
